
Microsoft Visual Studio Solution File, Format Version 12.00
# Visual Studio Version 16
VisualStudioVersion = 16.0.30204.135
MinimumVisualStudioVersion = 10.0.40219.1
Project("{FAE04EC0-301F-11D3-BF4B-00C04F79EFBC}") = "WinoFix", "WinoFix\WinoFix.csproj", "{09B34F1C-00C1-4FA8-B74D-428D83C2AF11}"
EndProject
Global
	GlobalSection(SolutionConfigurationPlatforms) = preSolution
		Debug|Any CPU = Debug|Any CPU
		Release|Any CPU = Release|Any CPU
	EndGlobalSection
	GlobalSection(ProjectConfigurationPlatforms) = postSolution
		{09B34F1C-00C1-4FA8-B74D-428D83C2AF11}.Debug|Any CPU.ActiveCfg = Debug|Any CPU
		{09B34F1C-00C1-4FA8-B74D-428D83C2AF11}.Debug|Any CPU.Build.0 = Debug|Any CPU
		{09B34F1C-00C1-4FA8-B74D-428D83C2AF11}.Release|Any CPU.ActiveCfg = Release|Any CPU
		{09B34F1C-00C1-4FA8-B74D-428D83C2AF11}.Release|Any CPU.Build.0 = Release|Any CPU
	EndGlobalSection
	GlobalSection(SolutionProperties) = preSolution
		HideSolutionNode = FALSE
	EndGlobalSection
	GlobalSection(ExtensibilityGlobals) = postSolution
		SolutionGuid = {C90173BA-5DBF-4CF0-8225-1B9F2B6593C0}
	EndGlobalSection
EndGlobal
